
Microsoft Visual Studio Solution File, Format Version 12.00
# Visual Studio 15
VisualStudioVersion = 15.0.27130.2024
MinimumVisualStudioVersion = 10.0.40219.1
Project("{FAE04EC0-301F-11D3-BF4B-00C04F79EFBC}") = "RS", "ConsoleApp1\RS.csproj", "{A96B8077-EC68-441E-B23D-945FFFE836FC}"
EndProject
Global
	GlobalSection(SolutionConfigurationPlatforms) = preSolution
		Debug|Any CPU = Debug|Any CPU
		Release|Any CPU = Release|Any CPU
	EndGlobalSection
	GlobalSection(ProjectConfigurationPlatforms) = postSolution
		{A96B8077-EC68-441E-B23D-945FFFE836FC}.Debug|Any CPU.ActiveCfg = Debug|Any CPU
		{A96B8077-EC68-441E-B23D-945FFFE836FC}.Debug|Any CPU.Build.0 = Debug|Any CPU
		{A96B8077-EC68-441E-B23D-945FFFE836FC}.Release|Any CPU.ActiveCfg = Release|Any CPU
		{A96B8077-EC68-441E-B23D-945FFFE836FC}.Release|Any CPU.Build.0 = Release|Any CPU
	EndGlobalSection
	GlobalSection(SolutionProperties) = preSolution
		HideSolutionNode = FALSE
	EndGlobalSection
	GlobalSection(ExtensibilityGlobals) = postSolution
		SolutionGuid = {C8A99547-5FEF-41F5-A6FE-6ABD1FBEEB19}
	EndGlobalSection
EndGlobal
